{
  "version": 4,
  "terraform_version": "1.13.3",
  "serial": 19,
  "lineage": "5fd42497-860c-09ed-c930-4fb119d31201",
  "outputs": {
    "clone_url": {
      "value": "git://github.com/CrimsonSeaArch/New_Repository_Terraform.git",
      "type": "string"
    },
    "clone_url_ssh": {
      "value": "git@github.com:CrimsonSeaArch/New_Repository_Terraform.git",
      "type": "string"
    },
    "repo_id": {
      "value": 1078163538,
      "type": "number"
    },
    "repository_description": {
      "value": "repository_description",
      "type": "string",
      "sensitive": true
    },
    "repository_name": {
      "value": "New_Repository_Terraform",
      "type": "string"
    },
    "repository_url": {
      "value": "https://github.com/CrimsonSeaArch/New_Repository_Terraform",
      "type": "string"
    }
  },
  "resources": [
    {
      "mode": "managed",
      "type": "github_branch",
      "name": "automate",
      "provider": "provider[\"registry.terraform.io/integrations/github\"]",
      "instances": [
        {
          "schema_version": 0,
          "attributes": {
            "branch": "development",
            "etag": "W/\"0d9d647b51283e6ca99cd0919ec64d09ec3c84a3fdf215be43f8a251454aadb7\"",
            "id": "New_Repository_Terraform:development",
            "ref": "refs/heads/development",
            "repository": "New_Repository_Terraform",
            "sha": "edbe75d2c494601d34e0f3221160f961290681dd",
            "source_branch": "main",
            "source_sha": "edbe75d2c494601d34e0f3221160f961290681dd"
          },
          "sensitive_attributes": [],
          "identity_schema_version": 0,
          "private": "bnVsbA==",
          "dependencies": [
            "github_repository.automate"
          ]
        }
      ]
    },
    {
      "mode": "managed",
      "type": "github_repository",
      "name": "automate",
      "provider": "provider[\"registry.terraform.io/integrations/github\"]",
      "instances": [
        {
          "schema_version": 1,
          "attributes": {
            "allow_auto_merge": false,
            "allow_merge_commit": true,
            "allow_rebase_merge": true,
            "allow_squash_merge": true,
            "allow_update_branch": false,
            "archive_on_destroy": null,
            "archived": false,
            "auto_init": true,
            "default_branch": "main",
            "delete_branch_on_merge": false,
            "description": "repository_description",
            "etag": "W/\"4e554c31f991ee9095853251f2b8c802ac3c896b6cc6ad06e8beda01f27ce849\"",
            "full_name": "CrimsonSeaArch/New_Repository_Terraform",
            "git_clone_url": "git://github.com/CrimsonSeaArch/New_Repository_Terraform.git",
            "gitignore_template": null,
            "has_discussions": false,
            "has_downloads": false,
            "has_issues": true,
            "has_projects": true,
            "has_wiki": true,
            "homepage_url": "",
            "html_url": "https://github.com/CrimsonSeaArch/New_Repository_Terraform",
            "http_clone_url": "https://github.com/CrimsonSeaArch/New_Repository_Terraform.git",
            "id": "New_Repository_Terraform",
            "ignore_vulnerability_alerts_during_read": null,
            "is_template": false,
            "license_template": null,
            "merge_commit_message": "PR_TITLE",
            "merge_commit_title": "MERGE_MESSAGE",
            "name": "New_Repository_Terraform",
            "node_id": "R_kgDOQEN4Ug",
            "pages": [],
            "primary_language": "",
            "private": false,
            "repo_id": 1078163538,
            "security_and_analysis": [
              {
                "advanced_security": [],
                "secret_scanning": [
                  {
                    "status": "enabled"
                  }
                ],
                "secret_scanning_push_protection": [
                  {
                    "status": "enabled"
                  }
                ]
              }
            ],
            "squash_merge_commit_message": "COMMIT_MESSAGES",
            "squash_merge_commit_title": "COMMIT_OR_PR_TITLE",
            "ssh_clone_url": "git@github.com:CrimsonSeaArch/New_Repository_Terraform.git",
            "svn_url": "https://github.com/CrimsonSeaArch/New_Repository_Terraform",
            "template": [],
            "topics": [],
            "visibility": "public",
            "vulnerability_alerts": false,
            "web_commit_signoff_required": false
          },
          "sensitive_attributes": [
            [
              {
                "type": "get_attr",
                "value": "description"
              }
            ]
          ],
          "identity_schema_version": 0,
          "private": "eyJzY2hlbWFfdmVyc2lvbiI6IjEifQ=="
        }
      ]
    }
  ],
  "check_results": null
}
